apiVersion: constraints.gatekeeper.sh/v1alpha1
kind: GCPComputeSerialPortDisabledConstraintV1
metadata:
  name: gcp-compute-serial-port-disabled-constraint
  annotations:
    bundles.validator.forsetisecurity.org/cis-v1.1: 4.04
    description: Disable serial port access on VMs.
spec:
  severity: high
  match:
    ancestries:
      - "organizations/**"
    excludedAncestries: [ ]
  parameters: {}